
Microsoft Visual Studio Solution File, Format Version 12.00
# Visual Studio Version 16
VisualStudioVersion = 16.0.29306.81
MinimumVisualStudioVersion = 10.0.40219.1
Project("{FAE04EC0-301F-11D3-BF4B-00C04F79EFBC}") = "flappiebird", "flappiebird.csproj", "{6FE9EBF0-A956-4418-805F-0EF83392842E}"
EndProject
Global
	GlobalSection(SolutionConfigurationPlatforms) = preSolution
		Debug|Any CPU = Debug|Any CPU
		Release|Any CPU = Release|Any CPU
	EndGlobalSection
	GlobalSection(ProjectConfigurationPlatforms) = postSolution
		{6FE9EBF0-A956-4418-805F-0EF83392842E}.Debug|Any CPU.ActiveCfg = Debug|Any CPU
		{6FE9EBF0-A956-4418-805F-0EF83392842E}.Debug|Any CPU.Build.0 = Debug|Any CPU
		{6FE9EBF0-A956-4418-805F-0EF83392842E}.Release|Any CPU.ActiveCfg = Release|Any CPU
		{6FE9EBF0-A956-4418-805F-0EF83392842E}.Release|Any CPU.Build.0 = Release|Any CPU
	EndGlobalSection
	GlobalSection(SolutionProperties) = preSolution
		HideSolutionNode = FALSE
	EndGlobalSection
	GlobalSection(ExtensibilityGlobals) = postSolution
		SolutionGuid = {30DCA540-5E32-4C7F-BFDA-51C536DC8024}
	EndGlobalSection
EndGlobal
